// !$*UTF8*$!
{
	archiveVersion = 1;
	classes = {
	};
	objectVersion = 46;
	objects = {

/* Begin PBXBuildFile section */
		56281CD5157FA1FB0018D1AC /* TraceBackground.glyphsFilter in CopyFiles */ = {isa = PBXBuildFile; fileRef = 569DFCED13A4B7CB008BA462 /* TraceBackground.glyphsFilter */; };
		5652316A13A2A2A300D65045 /* Cocoa.framework in Frameworks */ = {isa = PBXBuildFile; fileRef = 5652316913A2A2A300D65045 /* Cocoa.framework */; };
		5652317D13A2A3DC00D65045 /* GlyphsFilterTraceBackground.m in Sources */ = {isa = PBXBuildFile; fileRef = 5652317B13A2A3DC00D65045 /* GlyphsFilterTraceBackground.m */; };
		5652317F13A2A3E500D65045 /* InfoPlist.strings in Resources */ = {isa = PBXBuildFile; fileRef = 5652317E13A2A3E500D65045 /* InfoPlist.strings */; };
		5652319213A2A49400D65045 /* GlyphsCore.framework in Frameworks */ = {isa = PBXBuildFile; fileRef = 5652319113A2A49400D65045 /* GlyphsCore.framework */; };
		5652319313A2A4A800D65045 /* GSTraceBackgroundDialog.xib in Resources */ = {isa = PBXBuildFile; fileRef = 5652318013A2A3FB00D65045 /* GSTraceBackgroundDialog.xib */; };
		566A324815A45E1C0090A238 /* NSImage+BMP.m in Sources */ = {isa = PBXBuildFile; fileRef = 566A324615A44A2E0090A238 /* NSImage+BMP.m */; };
		56A7840614D2EBA80012050E /* backend_Glyphs.c in Sources */ = {isa = PBXBuildFile; fileRef = 56A783F414D2EBA80012050E /* backend_Glyphs.c */; };
		56A7840714D2EBA80012050E /* bbox.c in Sources */ = {isa = PBXBuildFile; fileRef = 56A783F514D2EBA80012050E /* bbox.c */; };
		56A7840814D2EBA80012050E /* bitmap_io.c in Sources */ = {isa = PBXBuildFile; fileRef = 56A783F614D2EBA80012050E /* bitmap_io.c */; };
		56A7840914D2EBA80012050E /* curve.c in Sources */ = {isa = PBXBuildFile; fileRef = 56A783F714D2EBA80012050E /* curve.c */; };
		56A7840A14D2EBA80012050E /* decompose.c in Sources */ = {isa = PBXBuildFile; fileRef = 56A783F814D2EBA80012050E /* decompose.c */; };
		56A7840B14D2EBA80012050E /* flate.c in Sources */ = {isa = PBXBuildFile; fileRef = 56A783F914D2EBA80012050E /* flate.c */; };
		56A7840C14D2EBA80012050E /* getopt.c in Sources */ = {isa = PBXBuildFile; fileRef = 56A783FA14D2EBA80012050E /* getopt.c */; };
		56A7840D14D2EBA80012050E /* getopt1.c in Sources */ = {isa = PBXBuildFile; fileRef = 56A783FB14D2EBA80012050E /* getopt1.c */; };
		56A7840E14D2EBA80012050E /* greymap.c in Sources */ = {isa = PBXBuildFile; fileRef = 56A783FC14D2EBA80012050E /* greymap.c */; };
		56A7840F14D2EBA80012050E /* lzw.c in Sources */ = {isa = PBXBuildFile; fileRef = 56A783FD14D2EBA80012050E /* lzw.c */; };
		56A7841014D2EBA80012050E /* main.c in Sources */ = {isa = PBXBuildFile; fileRef = 56A783FE14D2EBA80012050E /* main.c */; };
		56A7841314D2EBA80012050E /* potracelib.c in Sources */ = {isa = PBXBuildFile; fileRef = 56A7840114D2EBA80012050E /* potracelib.c */; };
		56A7841514D2EBA80012050E /* render.c in Sources */ = {isa = PBXBuildFile; fileRef = 56A7840314D2EBA80012050E /* render.c */; };
		56A7841614D2EBA80012050E /* trace.c in Sources */ = {isa = PBXBuildFile; fileRef = 56A7840414D2EBA80012050E /* trace.c */; };
		56A7841714D2EBA80012050E /* trans.c in Sources */ = {isa = PBXBuildFile; fileRef = 56A7840514D2EBA80012050E /* trans.c */; };
		56A7846014D2EEFC0012050E /* potrace in Resources */ = {isa = PBXBuildFile; fileRef = 56A783EC14D2EB7C0012050E /* potrace */; };
/* End PBXBuildFile section */

/* Begin PBXContainerItemProxy section */
		56A7845E14D2EEC70012050E /* PBXContainerItemProxy */ = {
			isa = PBXContainerItemProxy;
			containerPortal = 5652315D13A2A2A300D65045 /* Project object */;
			proxyType = 1;
			remoteGlobalIDString = 56A783EB14D2EB7C0012050E;
			remoteInfo = potrace;
		};
/* End PBXContainerItemProxy section */

/* Begin PBXCopyFilesBuildPhase section */
		56281CD4157FA1EC0018D1AC /* CopyFiles */ = {
			isa = PBXCopyFilesBuildPhase;
			buildActionMask = 2147483647;
			dstPath = "/Users/georg/Library/Application Support/Glyphs/Plugins/";
			dstSubfolderSpec = 0;
			files = (
				56281CD5157FA1FB0018D1AC /* TraceBackground.glyphsFilter in CopyFiles */,
			);
			runOnlyForDeploymentPostprocessing = 0;
		};
/* End PBXCopyFilesBuildPhase section */

/* Begin PBXFileReference section */
		5650EBEE144CF24D00665AAD /* store.xcconfig */ = {isa = PBXFileReference; fileEncoding = 4; lastKnownFileType = text.xcconfig; name = store.xcconfig; path = ../../Glyphs/store.xcconfig; sourceTree = SOURCE_ROOT; };
		5652316913A2A2A300D65045 /* Cocoa.framework */ = {isa = PBXFileReference; lastKnownFileType = wrapper.framework; name = Cocoa.framework; path = System/Library/Frameworks/Cocoa.framework; sourceTree = SDKROOT; };
		5652316C13A2A2A300D65045 /* AppKit.framework */ = {isa = PBXFileReference; lastKnownFileType = wrapper.framework; name = AppKit.framework; path = System/Library/Frameworks/AppKit.framework; sourceTree = SDKROOT; };
		5652316D13A2A2A300D65045 /* CoreData.framework */ = {isa = PBXFileReference; lastKnownFileType = wrapper.framework; name = CoreData.framework; path = System/Library/Frameworks/CoreData.framework; sourceTree = SDKROOT; };
		5652316E13A2A2A300D65045 /* Foundation.framework */ = {isa = PBXFileReference; lastKnownFileType = wrapper.framework; name = Foundation.framework; path = System/Library/Frameworks/Foundation.framework; sourceTree = SDKROOT; };
		5652317113A2A2A300D65045 /* TraceBackground-Info.plist */ = {isa = PBXFileReference; lastKnownFileType = text.plist.xml; path = "TraceBackground-Info.plist"; sourceTree = "<group>"; };
		5652317513A2A2A300D65045 /* TraceBackground-Prefix.pch */ = {isa = PBXFileReference; lastKnownFileType = sourcecode.c.h; path = "TraceBackground-Prefix.pch"; sourceTree = "<group>"; };
		5652317B13A2A3DC00D65045 /* GlyphsFilterTraceBackground.m */ = {isa = PBXFileReference; fileEncoding = 4; lastKnownFileType = sourcecode.c.objc; path = GlyphsFilterTraceBackground.m; sourceTree = "<group>"; };
		5652317C13A2A3DC00D65045 /* GlyphsFilterTraceBackground.h */ = {isa = PBXFileReference; fileEncoding = 4; lastKnownFileType = sourcecode.c.h; path = GlyphsFilterTraceBackground.h; sourceTree = "<group>"; };
		5652317E13A2A3E500D65045 /* InfoPlist.strings */ = {isa = PBXFileReference; fileEncoding = 4; lastKnownFileType = text.plist.strings; path = InfoPlist.strings; sourceTree = "<group>"; };
		5652318613A2A3FB00D65045 /* en */ = {isa = PBXFileReference; lastKnownFileType = file.xib; name = en; path = en.lproj/GSTraceBackgroundDialog.xib; sourceTree = "<group>"; };
		5652318713A2A3FB00D65045 /* en */ = {isa = PBXFileReference; fileEncoding = 4; lastKnownFileType = text.plist.strings; name = en; path = en.lproj/Localizable.strings; sourceTree = "<group>"; };
		5652318F13A2A44500D65045 /* common.xcconfig */ = {isa = PBXFileReference; fileEncoding = 4; lastKnownFileType = text.xcconfig; name = common.xcconfig; path = /Users/georg/Programmierung/Glyphs/common.xcconfig; sourceTree = "<absolute>"; };
		5652319113A2A49400D65045 /* GlyphsCore.framework */ = {isa = PBXFileReference; explicitFileType = wrapper.framework; name = GlyphsCore.framework; path = /Applications/Glyphs.app/Contents/Frameworks/GlyphsCore.framework; sourceTree = "<absolute>"; };
		566A324515A44A2E0090A238 /* NSImage+BMP.h */ = {isa = PBXFileReference; fileEncoding = 4; lastKnownFileType = sourcecode.c.h; path = "NSImage+BMP.h"; sourceTree = "<group>"; };
		566A324615A44A2E0090A238 /* NSImage+BMP.m */ = {isa = PBXFileReference; fileEncoding = 4; lastKnownFileType = sourcecode.c.objc; path = "NSImage+BMP.m"; sourceTree = "<group>"; };
		569DFCED13A4B7CB008BA462 /* TraceBackground.glyphsFilter */ = {isa = PBXFileReference; explicitFileType = wrapper.cfbundle; includeInIndex = 0; path = TraceBackground.glyphsFilter; sourceTree = BUILT_PRODUCTS_DIR; };
		56A783EC14D2EB7C0012050E /* potrace */ = {isa = PBXFileReference; explicitFileType = "compiled.mach-o.executable"; includeInIndex = 0; path = potrace; sourceTree = BUILT_PRODUCTS_DIR; };
		56A783F414D2EBA80012050E /* backend_Glyphs.c */ = {isa = PBXFileReference; fileEncoding = 4; lastKnownFileType = sourcecode.c.c; name = backend_Glyphs.c; path = "TraceBackground/potrace-1.10/src/backend_Glyphs.c"; sourceTree = "<group>"; };
		56A783F514D2EBA80012050E /* bbox.c */ = {isa = PBXFileReference; fileEncoding = 4; lastKnownFileType = sourcecode.c.c; name = bbox.c; path = "TraceBackground/potrace-1.10/src/bbox.c"; sourceTree = "<group>"; };
		56A783F614D2EBA80012050E /* bitmap_io.c */ = {isa = PBXFileReference; fileEncoding = 4; lastKnownFileType = sourcecode.c.c; name = bitmap_io.c; path = "TraceBackground/potrace-1.10/src/bitmap_io.c"; sourceTree = "<group>"; };
		56A783F714D2EBA80012050E /* curve.c */ = {isa = PBXFileReference; fileEncoding = 4; lastKnownFileType = sourcecode.c.c; name = curve.c; path = "TraceBackground/potrace-1.10/src/curve.c"; sourceTree = "<group>"; };
		56A783F814D2EBA80012050E /* decompose.c */ = {isa = PBXFileReference; fileEncoding = 4; lastKnownFileType = sourcecode.c.c; name = decompose.c; path = "TraceBackground/potrace-1.10/src/decompose.c"; sourceTree = "<group>"; };
		56A783F914D2EBA80012050E /* flate.c */ = {isa = PBXFileReference; fileEncoding = 4; lastKnownFileType = sourcecode.c.c; name = flate.c; path = "TraceBackground/potrace-1.10/src/flate.c"; sourceTree = "<group>"; };
		56A783FA14D2EBA80012050E /* getopt.c */ = {isa = PBXFileReference; fileEncoding = 4; lastKnownFileType = sourcecode.c.c; name = getopt.c; path = "TraceBackground/potrace-1.10/src/getopt.c"; sourceTree = "<group>"; };
		56A783FB14D2EBA80012050E /* getopt1.c */ = {isa = PBXFileReference; fileEncoding = 4; lastKnownFileType = sourcecode.c.c; name = getopt1.c; path = "TraceBackground/potrace-1.10/src/getopt1.c"; sourceTree = "<group>"; };
		56A783FC14D2EBA80012050E /* greymap.c */ = {isa = PBXFileReference; fileEncoding = 4; lastKnownFileType = sourcecode.c.c; name = greymap.c; path = "TraceBackground/potrace-1.10/src/greymap.c"; sourceTree = "<group>"; };
		56A783FD14D2EBA80012050E /* lzw.c */ = {isa = PBXFileReference; fileEncoding = 4; lastKnownFileType = sourcecode.c.c; name = lzw.c; path = "TraceBackground/potrace-1.10/src/lzw.c"; sourceTree = "<group>"; };
		56A783FE14D2EBA80012050E /* main.c */ = {isa = PBXFileReference; fileEncoding = 4; lastKnownFileType = sourcecode.c.c; name = main.c; path = "TraceBackground/potrace-1.10/src/main.c"; sourceTree = "<group>"; };
		56A783FF14D2EBA80012050E /* mkbitmap.c */ = {isa = PBXFileReference; fileEncoding = 4; lastKnownFileType = sourcecode.c.c; name = mkbitmap.c; path = "TraceBackground/potrace-1.10/src/mkbitmap.c"; sourceTree = "<group>"; };
		56A7840014D2EBA80012050E /* potracelib_demo.c */ = {isa = PBXFileReference; fileEncoding = 4; lastKnownFileType = sourcecode.c.c; name = potracelib_demo.c; path = "TraceBackground/potrace-1.10/src/potracelib_demo.c"; sourceTree = "<group>"; };
		56A7840114D2EBA80012050E /* potracelib.c */ = {isa = PBXFileReference; fileEncoding = 4; lastKnownFileType = sourcecode.c.c; name = potracelib.c; path = "TraceBackground/potrace-1.10/src/potracelib.c"; sourceTree = "<group>"; };
		56A7840314D2EBA80012050E /* render.c */ = {isa = PBXFileReference; fileEncoding = 4; lastKnownFileType = sourcecode.c.c; name = render.c; path = "TraceBackground/potrace-1.10/src/render.c"; sourceTree = "<group>"; };
		56A7840414D2EBA80012050E /* trace.c */ = {isa = PBXFileReference; fileEncoding = 4; lastKnownFileType = sourcecode.c.c; name = trace.c; path = "TraceBackground/potrace-1.10/src/trace.c"; sourceTree = "<group>"; };
		56A7840514D2EBA80012050E /* trans.c */ = {isa = PBXFileReference; fileEncoding = 4; lastKnownFileType = sourcecode.c.c; name = trans.c; path = "TraceBackground/potrace-1.10/src/trans.c"; sourceTree = "<group>"; };
		56A7841814D2EBC00012050E /* backend_Glyphs.h */ = {isa = PBXFileReference; fileEncoding = 4; lastKnownFileType = sourcecode.c.h; name = backend_Glyphs.h; path = "TraceBackground/potrace-1.10/src/backend_Glyphs.h"; sourceTree = "<group>"; };
		56A7841914D2EBC00012050E /* bbox.h */ = {isa = PBXFileReference; fileEncoding = 4; lastKnownFileType = sourcecode.c.h; name = bbox.h; path = "TraceBackground/potrace-1.10/src/bbox.h"; sourceTree = "<group>"; };
		56A7841A14D2EBC00012050E /* bitmap_io.h */ = {isa = PBXFileReference; fileEncoding = 4; lastKnownFileType = sourcecode.c.h; name = bitmap_io.h; path = "TraceBackground/potrace-1.10/src/bitmap_io.h"; sourceTree = "<group>"; };
		56A7841B14D2EBC00012050E /* bitmap.h */ = {isa = PBXFileReference; fileEncoding = 4; lastKnownFileType = sourcecode.c.h; name = bitmap.h; path = "TraceBackground/potrace-1.10/src/bitmap.h"; sourceTree = "<group>"; };
		56A7841C14D2EBC00012050E /* bitops.h */ = {isa = PBXFileReference; fileEncoding = 4; lastKnownFileType = sourcecode.c.h; name = bitops.h; path = "TraceBackground/potrace-1.10/src/bitops.h"; sourceTree = "<group>"; };
		56A7841D14D2EBC00012050E /* curve.h */ = {isa = PBXFileReference; fileEncoding = 4; lastKnownFileType = sourcecode.c.h; name = curve.h; path = "TraceBackground/potrace-1.10/src/curve.h"; sourceTree = "<group>"; };
		56A7841E14D2EBC00012050E /* decompose.h */ = {isa = PBXFileReference; fileEncoding = 4; lastKnownFileType = sourcecode.c.h; name = decompose.h; path = "TraceBackground/potrace-1.10/src/decompose.h"; sourceTree = "<group>"; };
		56A7841F14D2EBC00012050E /* flate.h */ = {isa = PBXFileReference; fileEncoding = 4; lastKnownFileType = sourcecode.c.h; name = flate.h; path = "TraceBackground/potrace-1.10/src/flate.h"; sourceTree = "<group>"; };
		56A7842014D2EBC00012050E /* getopt.h */ = {isa = PBXFileReference; fileEncoding = 4; lastKnownFileType = sourcecode.c.h; name = getopt.h; path = "TraceBackground/potrace-1.10/src/getopt.h"; sourceTree = "<group>"; };
		56A7842114D2EBC00012050E /* greymap.h */ = {isa = PBXFileReference; fileEncoding = 4; lastKnownFileType = sourcecode.c.h; name = greymap.h; path = "TraceBackground/potrace-1.10/src/greymap.h"; sourceTree = "<group>"; };
		56A7842214D2EBC00012050E /* lists.h */ = {isa = PBXFileReference; fileEncoding = 4; lastKnownFileType = sourcecode.c.h; name = lists.h; path = "TraceBackground/potrace-1.10/src/lists.h"; sourceTree = "<group>"; };
		56A7842314D2EBC00012050E /* lzw.h */ = {isa = PBXFileReference; fileEncoding = 4; lastKnownFileType = sourcecode.c.h; name = lzw.h; path = "TraceBackground/potrace-1.10/src/lzw.h"; sourceTree = "<group>"; };
		56A7842414D2EBC00012050E /* main.h */ = {isa = PBXFileReference; fileEncoding = 4; lastKnownFileType = sourcecode.c.h; name = main.h; path = "TraceBackground/potrace-1.10/src/main.h"; sourceTree = "<group>"; };
		56A7842514D2EBC00012050E /* platform.h */ = {isa = PBXFileReference; fileEncoding = 4; lastKnownFileType = sourcecode.c.h; name = platform.h; path = "TraceBackground/potrace-1.10/src/platform.h"; sourceTree = "<group>"; };
		56A7842614D2EBC00012050E /* potracelib.h */ = {isa = PBXFileReference; fileEncoding = 4; lastKnownFileType = sourcecode.c.h; name = potracelib.h; path = "TraceBackground/potrace-1.10/src/potracelib.h"; sourceTree = "<group>"; };
		56A7842714D2EBC00012050E /* progress.h */ = {isa = PBXFileReference; fileEncoding = 4; lastKnownFileType = sourcecode.c.h; name = progress.h; path = "TraceBackground/potrace-1.10/src/progress.h"; sourceTree = "<group>"; };
		56A7842814D2EBC00012050E /* render.h */ = {isa = PBXFileReference; fileEncoding = 4; lastKnownFileType = sourcecode.c.h; name = render.h; path = "TraceBackground/potrace-1.10/src/render.h"; sourceTree = "<group>"; };
		56A7842914D2EBC00012050E /* trace.h */ = {isa = PBXFileReference; fileEncoding = 4; lastKnownFileType = sourcecode.c.h; name = trace.h; path = "TraceBackground/potrace-1.10/src/trace.h"; sourceTree = "<group>"; };
		56A7842A14D2EBC00012050E /* trans.h */ = {isa = PBXFileReference; fileEncoding = 4; lastKnownFileType = sourcecode.c.h; name = trans.h; path = "TraceBackground/potrace-1.10/src/trans.h"; sourceTree = "<group>"; };
/* End PBXFileReference section */

/* Begin PBXFrameworksBuildPhase section */
		5652316313A2A2A300D65045 /* Frameworks */ = {
			isa = PBXFrameworksBuildPhase;
			buildActionMask = 2147483647;
			files = (
				5652316A13A2A2A300D65045 /* Cocoa.framework in Frameworks */,
				5652319213A2A49400D65045 /* GlyphsCore.framework in Frameworks */,
			);
			runOnlyForDeploymentPostprocessing = 0;
		};
		56A783EA14D2EB7C0012050E /* Frameworks */ = {
			isa = PBXFrameworksBuildPhase;
			buildActionMask = 2147483647;
			files = (
			);
			runOnlyForDeploymentPostprocessing = 0;
		};
/* End PBXFrameworksBuildPhase section */

/* Begin PBXGroup section */
		5652315B13A2A2A300D65045 = {
			isa = PBXGroup;
			children = (
				56A783E214D2EB350012050E /* Potrace */,
				5652318F13A2A44500D65045 /* common.xcconfig */,
				5650EBEE144CF24D00665AAD /* store.xcconfig */,
				5652316F13A2A2A300D65045 /* TraceBackground */,
				5652316813A2A2A300D65045 /* Frameworks */,
				5652316713A2A2A300D65045 /* Products */,
			);
			sourceTree = "<group>";
		};
		5652316713A2A2A300D65045 /* Products */ = {
			isa = PBXGroup;
			children = (
				569DFCED13A4B7CB008BA462 /* TraceBackground.glyphsFilter */,
				56A783EC14D2EB7C0012050E /* potrace */,
			);
			name = Products;
			sourceTree = "<group>";
		};
		5652316813A2A2A300D65045 /* Frameworks */ = {
			isa = PBXGroup;
			children = (
				5652319113A2A49400D65045 /* GlyphsCore.framework */,
				5652316913A2A2A300D65045 /* Cocoa.framework */,
				5652316B13A2A2A300D65045 /* Other Frameworks */,
			);
			name = Frameworks;
			sourceTree = "<group>";
		};
		5652316B13A2A2A300D65045 /* Other Frameworks */ = {
			isa = PBXGroup;
			children = (
				5652316C13A2A2A300D65045 /* AppKit.framework */,
				5652316D13A2A2A300D65045 /* CoreData.framework */,
				5652316E13A2A2A300D65045 /* Foundation.framework */,
			);
			name = "Other Frameworks";
			sourceTree = "<group>";
		};
		5652316F13A2A2A300D65045 /* TraceBackground */ = {
			isa = PBXGroup;
			children = (
				5652317C13A2A3DC00D65045 /* GlyphsFilterTraceBackground.h */,
				5652317B13A2A3DC00D65045 /* GlyphsFilterTraceBackground.m */,
				5652317013A2A2A300D65045 /* TraceBackground */,
				566A324515A44A2E0090A238 /* NSImage+BMP.h */,
				566A324615A44A2E0090A238 /* NSImage+BMP.m */,
			);
			path = TraceBackground;
			sourceTree = "<group>";
		};
		5652317013A2A2A300D65045 /* TraceBackground */ = {
			isa = PBXGroup;
			children = (
				5652318013A2A3FB00D65045 /* GSTraceBackgroundDialog.xib */,
				5652318213A2A3FB00D65045 /* Localizable.strings */,
				5652317E13A2A3E500D65045 /* InfoPlist.strings */,
				5652317113A2A2A300D65045 /* TraceBackground-Info.plist */,
				5652317513A2A2A300D65045 /* TraceBackground-Prefix.pch */,
			);
			name = TraceBackground;
			path = ../TraceBackground;
			sourceTree = "<group>";
		};
		56A783E214D2EB350012050E /* Potrace */ = {
			isa = PBXGroup;
			children = (
				56A783F414D2EBA80012050E /* backend_Glyphs.c */,
				56A783F514D2EBA80012050E /* bbox.c */,
				56A783F614D2EBA80012050E /* bitmap_io.c */,
				56A783F714D2EBA80012050E /* curve.c */,
				56A783F814D2EBA80012050E /* decompose.c */,
				56A783F914D2EBA80012050E /* flate.c */,
				56A783FA14D2EBA80012050E /* getopt.c */,
				56A783FB14D2EBA80012050E /* getopt1.c */,
				56A783FC14D2EBA80012050E /* greymap.c */,
				56A783FD14D2EBA80012050E /* lzw.c */,
				56A783FE14D2EBA80012050E /* main.c */,
				56A783FF14D2EBA80012050E /* mkbitmap.c */,
				56A7840014D2EBA80012050E /* potracelib_demo.c */,
				56A7840114D2EBA80012050E /* potracelib.c */,
				56A7840314D2EBA80012050E /* render.c */,
				56A7840414D2EBA80012050E /* trace.c */,
				56A7840514D2EBA80012050E /* trans.c */,
				56A7841814D2EBC00012050E /* backend_Glyphs.h */,
				56A7841914D2EBC00012050E /* bbox.h */,
				56A7841A14D2EBC00012050E /* bitmap_io.h */,
				56A7841B14D2EBC00012050E /* bitmap.h */,
				56A7841C14D2EBC00012050E /* bitops.h */,
				56A7841D14D2EBC00012050E /* curve.h */,
				56A7841E14D2EBC00012050E /* decompose.h */,
				56A7841F14D2EBC00012050E /* flate.h */,
				56A7842014D2EBC00012050E /* getopt.h */,
				56A7842114D2EBC00012050E /* greymap.h */,
				56A7842214D2EBC00012050E /* lists.h */,
				56A7842314D2EBC00012050E /* lzw.h */,
				56A7842414D2EBC00012050E /* main.h */,
				56A7842514D2EBC00012050E /* platform.h */,
				56A7842614D2EBC00012050E /* potracelib.h */,
				56A7842714D2EBC00012050E /* progress.h */,
				56A7842814D2EBC00012050E /* render.h */,
				56A7842914D2EBC00012050E /* trace.h */,
				56A7842A14D2EBC00012050E /* trans.h */,
			);
			name = Potrace;
			sourceTree = "<group>";
		};
/* End PBXGroup section */

/* Begin PBXNativeTarget section */
		5652316513A2A2A300D65045 /* TraceBackground */ = {
			isa = PBXNativeTarget;
			buildConfigurationList = 5652317813A2A2A300D65045 /* Build configuration list for PBXNativeTarget "TraceBackground" */;
			buildPhases = (
				5652316213A2A2A300D65045 /* Sources */,
				5652316313A2A2A300D65045 /* Frameworks */,
				5652316413A2A2A300D65045 /* Resources */,
				56281CD4157FA1EC0018D1AC /* CopyFiles */,
			);
			buildRules = (
			);
			dependencies = (
				56A7845F14D2EEC70012050E /* PBXTargetDependency */,
			);
			name = TraceBackground;
			productName = TraceBackground;
			productReference = 569DFCED13A4B7CB008BA462 /* TraceBackground.glyphsFilter */;
			productType = "com.apple.product-type.bundle";
		};
		56A783EB14D2EB7C0012050E /* potrace */ = {
			isa = PBXNativeTarget;
			buildConfigurationList = 56A783F314D2EB820012050E /* Build configuration list for PBXNativeTarget "potrace" */;
			buildPhases = (
				56A783E914D2EB7C0012050E /* Sources */,
				56A783EA14D2EB7C0012050E /* Frameworks */,
			);
			buildRules = (
			);
			dependencies = (
			);
			name = potrace;
			productName = potrace;
			productReference = 56A783EC14D2EB7C0012050E /* potrace */;
			productType = "com.apple.product-type.tool";
		};
/* End PBXNativeTarget section */

/* Begin PBXProject section */
		5652315D13A2A2A300D65045 /* Project object */ = {
			isa = PBXProject;
			attributes = {
				LastUpgradeCheck = 0420;
				ORGANIZATIONNAME = schriftgestaltung.de;
			};
			buildConfigurationList = 5652316013A2A2A300D65045 /* Build configuration list for PBXProject "TraceBackground" */;
			compatibilityVersion = "Xcode 3.2";
			developmentRegion = English;
			hasScannedForEncodings = 0;
			knownRegions = (
				en,
				cs,
				de,
				es,
				fr,
				ru,
			);
			mainGroup = 5652315B13A2A2A300D65045;
			productRefGroup = 5652316713A2A2A300D65045 /* Products */;
			projectDirPath = "";
			projectRoot = "";
			targets = (
				5652316513A2A2A300D65045 /* TraceBackground */,
				56A783EB14D2EB7C0012050E /* potrace */,
			);
		};
/* End PBXProject section */

/* Begin PBXResourcesBuildPhase section */
		5652316413A2A2A300D65045 /* Resources */ = {
			isa = PBXResourcesBuildPhase;
			buildActionMask = 2147483647;
			files = (
				56A7846014D2EEFC0012050E /* potrace in Resources */,
				5652317F13A2A3E500D65045 /* InfoPlist.strings in Resources */,
				5652319313A2A4A800D65045 /* GSTraceBackgroundDialog.xib in Resources */,
			);
			runOnlyForDeploymentPostprocessing = 0;
		};
/* End PBXResourcesBuildPhase section */

/* Begin PBXSourcesBuildPhase section */
		5652316213A2A2A300D65045 /* Sources */ = {
			isa = PBXSourcesBuildPhase;
			buildActionMask = 2147483647;
			files = (
				5652317D13A2A3DC00D65045 /* GlyphsFilterTraceBackground.m in Sources */,
				566A324815A45E1C0090A238 /* NSImage+BMP.m in Sources */,
			);
			runOnlyForDeploymentPostprocessing = 0;
		};
		56A783E914D2EB7C0012050E /* Sources */ = {
			isa = PBXSourcesBuildPhase;
			buildActionMask = 2147483647;
			files = (
				56A7840614D2EBA80012050E /* backend_Glyphs.c in Sources */,
				56A7840714D2EBA80012050E /* bbox.c in Sources */,
				56A7840814D2EBA80012050E /* bitmap_io.c in Sources */,
				56A7840914D2EBA80012050E /* curve.c in Sources */,
				56A7840A14D2EBA80012050E /* decompose.c in Sources */,
				56A7840B14D2EBA80012050E /* flate.c in Sources */,
				56A7840C14D2EBA80012050E /* getopt.c in Sources */,
				56A7840D14D2EBA80012050E /* getopt1.c in Sources */,
				56A7840E14D2EBA80012050E /* greymap.c in Sources */,
				56A7840F14D2EBA80012050E /* lzw.c in Sources */,
				56A7841014D2EBA80012050E /* main.c in Sources */,
				56A7841314D2EBA80012050E /* potracelib.c in Sources */,
				56A7841514D2EBA80012050E /* render.c in Sources */,
				56A7841614D2EBA80012050E /* trace.c in Sources */,
				56A7841714D2EBA80012050E /* trans.c in Sources */,
			);
			runOnlyForDeploymentPostprocessing = 0;
		};
/* End PBXSourcesBuildPhase section */

/* Begin PBXTargetDependency section */
		56A7845F14D2EEC70012050E /* PBXTargetDependency */ = {
			isa = PBXTargetDependency;
			target = 56A783EB14D2EB7C0012050E /* potrace */;
			targetProxy = 56A7845E14D2EEC70012050E /* PBXContainerItemProxy */;
		};
/* End PBXTargetDependency section */

/* Begin PBXVariantGroup section */
		5652318013A2A3FB00D65045 /* GSTraceBackgroundDialog.xib */ = {
			isa = PBXVariantGroup;
			children = (
				5652318613A2A3FB00D65045 /* en */,
			);
			name = GSTraceBackgroundDialog.xib;
			sourceTree = "<group>";
		};
		5652318213A2A3FB00D65045 /* Localizable.strings */ = {
			isa = PBXVariantGroup;
			children = (
				5652318713A2A3FB00D65045 /* en */,
			);
			name = Localizable.strings;
			sourceTree = "<group>";
		};
/* End PBXVariantGroup section */

/* Begin XCBuildConfiguration section */
		5652317613A2A2A300D65045 /* Debug */ = {
			isa = XCBuildConfiguration;
			buildSettings = {
				ARCHS = "$(ARCHS_STANDARD_64_BIT)";
				GCC_C_LANGUAGE_STANDARD = gnu99;
				GCC_OPTIMIZATION_LEVEL = 0;
				GCC_PREPROCESSOR_DEFINITIONS = DEBUG;
				GCC_SYMBOLS_PRIVATE_EXTERN = NO;
				GCC_VERSION = com.apple.compilers.llvm.clang.1_0;
				GCC_WARN_64_TO_32_BIT_CONVERSION = YES;
				GCC_WARN_ABOUT_RETURN_TYPE = YES;
				GCC_WARN_UNUSED_VARIABLE = YES;
				MACOSX_DEPLOYMENT_TARGET = 10.6;
				ONLY_ACTIVE_ARCH = YES;
			};
			name = Debug;
		};
		5652317713A2A2A300D65045 /* Release */ = {
			isa = XCBuildConfiguration;
			baseConfigurationReference = 5652318F13A2A44500D65045 /* common.xcconfig */;
			buildSettings = {
				ARCHS = "$(ARCHS_STANDARD_64_BIT)";
				GCC_C_LANGUAGE_STANDARD = gnu99;
				GCC_VERSION = com.apple.compilers.llvm.clang.1_0;
				GCC_WARN_64_TO_32_BIT_CONVERSION = YES;
				GCC_WARN_ABOUT_RETURN_TYPE = YES;
				GCC_WARN_UNUSED_VARIABLE = YES;
				MACOSX_DEPLOYMENT_TARGET = 10.6;
			};
			name = Release;
		};
		5652317913A2A2A300D65045 /* Debug */ = {
			isa = XCBuildConfiguration;
			baseConfigurationReference = 5652318F13A2A44500D65045 /* common.xcconfig */;
			buildSettings = {
				ALWAYS_SEARCH_USER_PATHS = YES;
				COPY_PHASE_STRIP = NO;
				FRAMEWORK_SEARCH_PATHS = (
					"$(inherited)",
					"\"$(SYSTEM_APPS_DIR)/Glyphs.app/Contents/Frameworks\"",
				);
				GCC_DYNAMIC_NO_PIC = NO;
				GCC_ENABLE_OBJC_EXCEPTIONS = YES;
				GCC_PRECOMPILE_PREFIX_HEADER = YES;
				GCC_PREFIX_HEADER = "TraceBackground/TraceBackground-Prefix.pch";
				HEADER_SEARCH_PATHS = "../../Glyphs/Glyphs/*";
				INFOPLIST_FILE = "TraceBackground/TraceBackground-Info.plist";
				INSTALL_PATH = "$(LOCAL_LIBRARY_DIR)/Bundles";
				PRODUCT_NAME = "$(TARGET_NAME)";
				WRAPPER_EXTENSION = glyphsFilter;
			};
			name = Debug;
		};
		5652317A13A2A2A300D65045 /* Release */ = {
			isa = XCBuildConfiguration;
			baseConfigurationReference = 5652318F13A2A44500D65045 /* common.xcconfig */;
			buildSettings = {
				ALWAYS_SEARCH_USER_PATHS = YES;
				COPY_PHASE_STRIP = YES;
				FRAMEWORK_SEARCH_PATHS = (
					"$(inherited)",
					"\"$(SYSTEM_APPS_DIR)/Glyphs.app/Contents/Frameworks\"",
				);
				GCC_ENABLE_OBJC_EXCEPTIONS = YES;
				GCC_PRECOMPILE_PREFIX_HEADER = YES;
				GCC_PREFIX_HEADER = "TraceBackground/TraceBackground-Prefix.pch";
				HEADER_SEARCH_PATHS = "../../Glyphs/Glyphs/*";
				INFOPLIST_FILE = "TraceBackground/TraceBackground-Info.plist";
				INSTALL_PATH = "$(LOCAL_LIBRARY_DIR)/Bundles";
				PRODUCT_NAME = "$(TARGET_NAME)";
				WRAPPER_EXTENSION = glyphsFilter;
			};
			name = Release;
		};
		56A783EE14D2EB7C0012050E /* Debug */ = {
			isa = XCBuildConfiguration;
			baseConfigurationReference = 5652318F13A2A44500D65045 /* common.xcconfig */;
			buildSettings = {
				ALWAYS_SEARCH_USER_PATHS = NO;
				ARCHS = "$(ARCHS_STANDARD_32_BIT)";
				COPY_PHASE_STRIP = NO;
				DEBUG_INFORMATION_FORMAT = "dwarf-with-dsym";
				GCC_DYNAMIC_NO_PIC = NO;
				GCC_ENABLE_FIX_AND_CONTINUE = YES;
				GCC_MODEL_TUNING = G5;
				GCC_OPTIMIZATION_LEVEL = 0;
				GCC_VERSION = com.apple.compilers.llvmgcc42;
				INSTALL_PATH = /usr/local/bin;
				PREBINDING = NO;
				PRODUCT_NAME = potrace;
			};
			name = Debug;
		};
		56A783EF14D2EB7C0012050E /* Release */ = {
			isa = XCBuildConfiguration;
			baseConfigurationReference = 5652318F13A2A44500D65045 /* common.xcconfig */;
			buildSettings = {
				ALWAYS_SEARCH_USER_PATHS = NO;
				ARCHS = "$(ARCHS_STANDARD_32_BIT)";
				COPY_PHASE_STRIP = YES;
				DEBUG_INFORMATION_FORMAT = "dwarf-with-dsym";
				GCC_ENABLE_FIX_AND_CONTINUE = NO;
				GCC_MODEL_TUNING = G5;
				GCC_VERSION = com.apple.compilers.llvmgcc42;
				INSTALL_PATH = /usr/local/bin;
				PREBINDING = NO;
				PRODUCT_NAME = potrace;
				SKIP_INSTALL = YES;
				ZERO_LINK = NO;
			};
			name = Release;
		};
		56A783F014D2EB7C0012050E /* Store */ = {
			isa = XCBuildConfiguration;
			baseConfigurationReference = 5650EBEE144CF24D00665AAD /* store.xcconfig */;
			buildSettings = {
				ALWAYS_SEARCH_USER_PATHS = NO;
				ARCHS = "$(ARCHS_STANDARD_32_BIT)";
				DEBUG_INFORMATION_FORMAT = "dwarf-with-dsym";
				GCC_ENABLE_FIX_AND_CONTINUE = YES;
				GCC_MODEL_TUNING = G5;
				GCC_VERSION = com.apple.compilers.llvmgcc42;
				INSTALL_PATH = /usr/local/bin;
				PREBINDING = NO;
				PRODUCT_NAME = potrace;
			};
			name = Store;
		};
		56D5266D13CC377400838DB6 /* Store */ = {
			isa = XCBuildConfiguration;
			baseConfigurationReference = 5650EBEE144CF24D00665AAD /* store.xcconfig */;
			buildSettings = {
				ARCHS = "$(ARCHS_STANDARD_64_BIT)";
				GCC_C_LANGUAGE_STANDARD = gnu99;
				GCC_VERSION = com.apple.compilers.llvm.clang.1_0;
				GCC_WARN_64_TO_32_BIT_CONVERSION = YES;
				GCC_WARN_ABOUT_RETURN_TYPE = YES;
				GCC_WARN_UNUSED_VARIABLE = YES;
				MACOSX_DEPLOYMENT_TARGET = 10.6;
			};
			name = Store;
		};
		56D5266E13CC377400838DB6 /* Store */ = {
			isa = XCBuildConfiguration;
			baseConfigurationReference = 5650EBEE144CF24D00665AAD /* store.xcconfig */;
			buildSettings = {
				ALWAYS_SEARCH_USER_PATHS = YES;
				COPY_PHASE_STRIP = YES;
				FRAMEWORK_SEARCH_PATHS = (
					"$(inherited)",
					"\"$(SYSTEM_APPS_DIR)/Glyphs.app/Contents/Frameworks\"",
				);
				GCC_ENABLE_OBJC_EXCEPTIONS = YES;
				GCC_PRECOMPILE_PREFIX_HEADER = YES;
				GCC_PREFIX_HEADER = "TraceBackground/TraceBackground-Prefix.pch";
				HEADER_SEARCH_PATHS = "../../Glyphs/Glyphs/*";
				INFOPLIST_FILE = "TraceBackground/TraceBackground-Info.plist";
				INSTALL_PATH = "$(LOCAL_LIBRARY_DIR)/Bundles";
				PRODUCT_NAME = "$(TARGET_NAME)";
				WRAPPER_EXTENSION = glyphsFilter;
			};
			name = Store;
		};
/* End XCBuildConfiguration section */

/* Begin XCConfigurationList section */
		5652316013A2A2A300D65045 /* Build configuration list for PBXProject "TraceBackground" */ = {
			isa = XCConfigurationList;
			buildConfigurations = (
				5652317613A2A2A300D65045 /* Debug */,
				5652317713A2A2A300D65045 /* Release */,
				56D5266D13CC377400838DB6 /* Store */,
			);
			defaultConfigurationIsVisible = 0;
			defaultConfigurationName = Release;
		};
		5652317813A2A2A300D65045 /* Build configuration list for PBXNativeTarget "TraceBackground" */ = {
			isa = XCConfigurationList;
			buildConfigurations = (
				5652317913A2A2A300D65045 /* Debug */,
				5652317A13A2A2A300D65045 /* Release */,
				56D5266E13CC377400838DB6 /* Store */,
			);
			defaultConfigurationIsVisible = 0;
			defaultConfigurationName = Release;
		};
		56A783F314D2EB820012050E /* Build configuration list for PBXNativeTarget "potrace" */ = {
			isa = XCConfigurationList;
			buildConfigurations = (
				56A783EE14D2EB7C0012050E /* Debug */,
				56A783EF14D2EB7C0012050E /* Release */,
				56A783F014D2EB7C0012050E /* Store */,
			);
			defaultConfigurationIsVisible = 0;
			defaultConfigurationName = Release;
		};
/* End XCConfigurationList section */
	};
	rootObject = 5652315D13A2A2A300D65045 /* Project object */;
}
